{
  "version": 4,
  "terraform_version": "1.9.5",
  "serial": 562,
  "lineage": "a23e826b-c2ff-6350-56df-15233a3b11c6",
  "outputs": {
    "backend_ips": {
      "value": [
        "web0 -\u003e 172.18.0.10:80"
      ],
      "type": [
        "tuple",
        [
          "string"
        ]
      ]
    },
    "backend_urls": {
      "value": [
        "http://localhost:8080/"
      ],
      "type": [
        "tuple",
        [
          "string"
        ]
      ]
    },
    "vip_url": {
      "value": "http://localhost:8090/",
      "type": "string"
    }
  },
  "resources": [
    {
      "mode": "managed",
      "type": "docker_container",
      "name": "haproxy",
      "provider": "provider[\"registry.terraform.io/kreuzwerker/docker\"]",
      "instances": [
        {
          "schema_version": 2,
          "attributes": {
            "attach": false,
            "bridge": "",
            "capabilities": [],
            "cgroup_parent": null,
            "cgroupns_mode": null,
            "command": [
              "haproxy",
              "-f",
              "/usr/local/etc/haproxy/haproxy.cfg"
            ],
            "container_logs": null,
            "container_read_refresh_timeout_milliseconds": 15000,
            "cpu_period": null,
            "cpu_quota": null,
            "cpu_set": "",
            "cpu_shares": 0,
            "cpus": null,
            "destroy_grace_seconds": null,
            "devices": [],
            "dns": null,
            "dns_opts": null,
            "dns_search": null,
            "domainname": "",
            "entrypoint": [
              "docker-entrypoint.sh"
            ],
            "env": [],
            "exit_code": null,
            "gpus": null,
            "group_add": null,
            "healthcheck": null,
            "host": [],
            "hostname": "0e904890a012",
            "id": "0e904890a012949fc601075b32ae645376cb42aa5c5f5ce65da0a32ff3e7bcc7",
            "image": "sha256:cb3e8cf6a18ca82ce959cda4ae0344575137a64f86d95a2b449ed39424d7f8c4",
            "init": false,
            "ipc_mode": "private",
            "labels": [],
            "log_driver": "json-file",
            "log_opts": null,
            "logs": false,
            "max_retry_count": 0,
            "memory": 0,
            "memory_swap": 0,
            "mounts": [
              {
                "bind_options": [],
                "read_only": true,
                "source": "/home/lorena/tf-web/haproxy.cfg",
                "target": "/usr/local/etc/haproxy/haproxy.cfg",
                "tmpfs_options": [],
                "type": "bind",
                "volume_options": []
              }
            ],
            "must_run": true,
            "name": "haproxy-112c",
            "network_data": [
              {
                "gateway": "172.18.0.1",
                "global_ipv6_address": "",
                "global_ipv6_prefix_length": 0,
                "ip_address": "172.18.0.2",
                "ip_prefix_length": 16,
                "ipv6_gateway": "",
                "mac_address": "02:42:ac:12:00:02",
                "network_name": "webnet"
              }
            ],
            "network_mode": "bridge",
            "networks_advanced": [
              {
                "aliases": [],
                "ipv4_address": "",
                "ipv6_address": "",
                "name": "webnet"
              }
            ],
            "pid_mode": "",
            "ports": [
              {
                "external": 8090,
                "internal": 80,
                "ip": "0.0.0.0",
                "protocol": "tcp"
              }
            ],
            "privileged": false,
            "publish_all_ports": false,
            "read_only": false,
            "remove_volumes": true,
            "restart": "no",
            "rm": false,
            "runtime": "runc",
            "security_opts": [],
            "shm_size": 64,
            "start": true,
            "stdin_open": false,
            "stop_signal": "SIGUSR1",
            "stop_timeout": 0,
            "storage_opts": null,
            "sysctls": null,
            "tmpfs": null,
            "tty": false,
            "ulimit": [],
            "upload": [],
            "user": "haproxy",
            "userns_mode": "",
            "volumes": [],
            "wait": false,
            "wait_timeout": 60,
            "working_dir": "/var/lib/haproxy"
          },
          "sensitive_attributes": [],
          "private": "eyJzY2hlbWFfdmVyc2lvbiI6IjIifQ==",
          "dependencies": [
            "docker_container.web",
            "docker_image.haproxy",
            "docker_image.nginx",
            "docker_network.webnet",
            "local_file.haproxy_cfg",
            "random_id.haproxy_rev"
          ]
        }
      ]
    },
    {
      "mode": "managed",
      "type": "docker_container",
      "name": "web",
      "provider": "provider[\"registry.terraform.io/kreuzwerker/docker\"]",
      "instances": [
        {
          "index_key": 0,
          "schema_version": 2,
          "attributes": {
            "attach": false,
            "bridge": "",
            "capabilities": [],
            "cgroup_parent": null,
            "cgroupns_mode": null,
            "command": [
              "nginx",
              "-g",
              "daemon off;"
            ],
            "container_logs": null,
            "container_read_refresh_timeout_milliseconds": 15000,
            "cpu_period": null,
            "cpu_quota": null,
            "cpu_set": "",
            "cpu_shares": 0,
            "cpus": null,
            "destroy_grace_seconds": null,
            "devices": [],
            "dns": [],
            "dns_opts": [],
            "dns_search": [],
            "domainname": "",
            "entrypoint": [
              "/docker-entrypoint.sh"
            ],
            "env": [],
            "exit_code": null,
            "gpus": null,
            "group_add": [],
            "healthcheck": [],
            "host": [],
            "hostname": "80eb697b7d7d",
            "id": "80eb697b7d7deedfb3ab863401d295f33065b845befd1b4e8e59f3c96b29171f",
            "image": "sha256:5e7abcdd20216bbeedf1369529564ffd60f830ed3540c477938ca580b645dff5",
            "init": false,
            "ipc_mode": "private",
            "labels": [],
            "log_driver": "json-file",
            "log_opts": {},
            "logs": false,
            "max_retry_count": 0,
            "memory": 0,
            "memory_swap": 0,
            "mounts": [],
            "must_run": true,
            "name": "web0",
            "network_data": [
              {
                "gateway": "172.18.0.1",
                "global_ipv6_address": "",
                "global_ipv6_prefix_length": 0,
                "ip_address": "172.18.0.10",
                "ip_prefix_length": 16,
                "ipv6_gateway": "",
                "mac_address": "02:42:ac:12:00:0a",
                "network_name": "webnet"
              }
            ],
            "network_mode": "bridge",
            "networks_advanced": [
              {
                "aliases": [],
                "ipv4_address": "172.18.0.10",
                "ipv6_address": "",
                "name": "webnet"
              }
            ],
            "pid_mode": "",
            "ports": [
              {
                "external": 8080,
                "internal": 80,
                "ip": "0.0.0.0",
                "protocol": "tcp"
              }
            ],
            "privileged": false,
            "publish_all_ports": false,
            "read_only": false,
            "remove_volumes": true,
            "restart": "no",
            "rm": false,
            "runtime": "runc",
            "security_opts": [],
            "shm_size": 64,
            "start": true,
            "stdin_open": false,
            "stop_signal": "SIGQUIT",
            "stop_timeout": 0,
            "storage_opts": {},
            "sysctls": {},
            "tmpfs": {},
            "tty": false,
            "ulimit": [],
            "upload": [],
            "user": "",
            "userns_mode": "",
            "volumes": [],
            "wait": false,
            "wait_timeout": 60,
            "working_dir": "/"
          },
          "sensitive_attributes": [],
          "private": "eyJzY2hlbWFfdmVyc2lvbiI6IjIifQ==",
          "dependencies": [
            "docker_image.nginx",
            "docker_network.webnet"
          ]
        }
      ]
    },
    {
      "mode": "managed",
      "type": "docker_image",
      "name": "haproxy",
      "provider": "provider[\"registry.terraform.io/kreuzwerker/docker\"]",
      "instances": [
        {
          "schema_version": 0,
          "attributes": {
            "build": [],
            "force_remove": null,
            "id": "sha256:cb3e8cf6a18ca82ce959cda4ae0344575137a64f86d95a2b449ed39424d7f8c4haproxy:alpine",
            "image_id": "sha256:cb3e8cf6a18ca82ce959cda4ae0344575137a64f86d95a2b449ed39424d7f8c4",
            "keep_locally": true,
            "name": "haproxy:alpine",
            "platform": null,
            "pull_triggers": null,
            "repo_digest": "haproxy@sha256:3a819392f5a6af2a9203d1c63ff0feba74f0c940623a558511be06d7d85e361c",
            "timeouts": null,
            "triggers": null
          },
          "sensitive_attributes": [],
          "private": "eyJlMmJmYjczMC1lY2FhLTExZTYtOGY4OC0zNDM2M2JjN2M0YzAiOnsiY3JlYXRlIjoxMjAwMDAwMDAwMDAwLCJkZWxldGUiOjEyMDAwMDAwMDAwMDAsInVwZGF0ZSI6MTIwMDAwMDAwMDAwMH19"
        }
      ]
    },
    {
      "mode": "managed",
      "type": "docker_image",
      "name": "nginx",
      "provider": "provider[\"registry.terraform.io/kreuzwerker/docker\"]",
      "instances": [
        {
          "schema_version": 0,
          "attributes": {
            "build": [],
            "force_remove": null,
            "id": "sha256:5e7abcdd20216bbeedf1369529564ffd60f830ed3540c477938ca580b645dff5nginx:alpine",
            "image_id": "sha256:5e7abcdd20216bbeedf1369529564ffd60f830ed3540c477938ca580b645dff5",
            "keep_locally": true,
            "name": "nginx:alpine",
            "platform": null,
            "pull_triggers": null,
            "repo_digest": "nginx@sha256:61e01287e546aac28a3f56839c136b31f590273f3b41187a36f46f6a03bbfe22",
            "timeouts": null,
            "triggers": null
          },
          "sensitive_attributes": [],
          "private": "eyJlMmJmYjczMC1lY2FhLTExZTYtOGY4OC0zNDM2M2JjN2M0YzAiOnsiY3JlYXRlIjoxMjAwMDAwMDAwMDAwLCJkZWxldGUiOjEyMDAwMDAwMDAwMDAsInVwZGF0ZSI6MTIwMDAwMDAwMDAwMH19"
        }
      ]
    },
    {
      "mode": "managed",
      "type": "docker_network",
      "name": "webnet",
      "provider": "provider[\"registry.terraform.io/kreuzwerker/docker\"]",
      "instances": [
        {
          "schema_version": 1,
          "attributes": {
            "attachable": false,
            "check_duplicate": null,
            "driver": "bridge",
            "id": "a3d59067b4edd5b55c9e8989154f35ee456aafb02758b5cb93786196045708cc",
            "ingress": false,
            "internal": false,
            "ipam_config": [
              {
                "aux_address": {},
                "gateway": "172.18.0.1",
                "ip_range": "",
                "subnet": "172.18.0.0/16"
              }
            ],
            "ipam_driver": "default",
            "ipam_options": {},
            "ipv6": false,
            "labels": [],
            "name": "webnet",
            "options": {},
            "scope": "local"
          },
          "sensitive_attributes": [],
          "private": "eyJzY2hlbWFfdmVyc2lvbiI6IjEifQ=="
        }
      ]
    },
    {
      "mode": "managed",
      "type": "local_file",
      "name": "haproxy_cfg",
      "provider": "provider[\"registry.terraform.io/hashicorp/local\"]",
      "instances": [
        {
          "schema_version": 0,
          "attributes": {
            "content": "global\n  maxconn 2048\n  daemon\n\ndefaults\n  mode http\n  timeout connect 5s\n  timeout client  30s\n  timeout server  30s\n  option  httplog\n  option  dontlognull\n\nfrontend fe_http\n  bind *:80\n  default_backend be_pool\n\nbackend be_pool\n  balance roundrobin\n  server web0 172.18.0.10:80 check\n",
            "content_base64": null,
            "content_base64sha256": "NgVKiZK+Zs2mjswNcK0BoSO5G5ZSSR4yq06jIUONyAQ=",
            "content_base64sha512": "swb2c086/5H72aBedGhfttukew6M7MoWsuEw6OZOUDBWlzHcP2kTcSHrt/RvFu/fjOu1vD3AdxRrMLvFxrkn5g==",
            "content_md5": "19da0ed857629a142fec6aada5e40a51",
            "content_sha1": "0460642ad13a9e67ddf0a5c234a25d4e8d7ce350",
            "content_sha256": "36054a8992be66cda68ecc0d70ad01a123b91b9652491e32ab4ea321438dc804",
            "content_sha512": "b306f6734f3aff91fbd9a05e74685fb6dba47b0e8cecca16b2e130e8e64e5030569731dc3f69137121ebb7f46f16efdf8cebb5bc3dc077146b30bbc5c6b927e6",
            "directory_permission": "0777",
            "file_permission": "0777",
            "filename": "./haproxy.cfg",
            "id": "0460642ad13a9e67ddf0a5c234a25d4e8d7ce350",
            "sensitive_content": null,
            "source": null
          },
          "sensitive_attributes": [
            [
              {
                "type": "get_attr",
                "value": "sensitive_content"
              }
            ]
          ],
          "dependencies": [
            "docker_container.web",
            "docker_image.nginx",
            "docker_network.webnet"
          ]
        }
      ]
    },
    {
      "mode": "managed",
      "type": "random_id",
      "name": "haproxy_rev",
      "provider": "provider[\"registry.terraform.io/hashicorp/random\"]",
      "instances": [
        {
          "schema_version": 0,
          "attributes": {
            "b64_std": "ESw=",
            "b64_url": "ESw",
            "byte_length": 2,
            "dec": "4396",
            "hex": "112c",
            "id": "ESw",
            "keepers": {
              "cfg_hash": "36054a8992be66cda68ecc0d70ad01a123b91b9652491e32ab4ea321438dc804"
            },
            "prefix": null
          },
          "sensitive_attributes": [],
          "dependencies": [
            "docker_container.web",
            "docker_image.nginx",
            "docker_network.webnet"
          ]
        }
      ]
    }
  ],
  "check_results": null
}
